
Microsoft Visual Studio Solution File, Format Version 12.00
# Visual Studio Version 16
VisualStudioVersion = 16.0.29424.173
MinimumVisualStudioVersion = 10.0.40219.1
Project("{FAE04EC0-301F-11D3-BF4B-00C04F79EFBC}") = "ConnpassSlackConsoleApp", "ConnpassSlackConsoleApp\ConnpassSlackConsoleApp.csproj", "{3037578E-0EF4-4775-B980-9BECAAF88097}"
EndProject
Global
	GlobalSection(SolutionConfigurationPlatforms) = preSolution
		Debug|Any CPU = Debug|Any CPU
		Release|Any CPU = Release|Any CPU
	EndGlobalSection
	GlobalSection(ProjectConfigurationPlatforms) = postSolution
		{3037578E-0EF4-4775-B980-9BECAAF88097}.Debug|Any CPU.ActiveCfg = Debug|Any CPU
		{3037578E-0EF4-4775-B980-9BECAAF88097}.Debug|Any CPU.Build.0 = Debug|Any CPU
		{3037578E-0EF4-4775-B980-9BECAAF88097}.Release|Any CPU.ActiveCfg = Release|Any CPU
		{3037578E-0EF4-4775-B980-9BECAAF88097}.Release|Any CPU.Build.0 = Release|Any CPU
	EndGlobalSection
	GlobalSection(SolutionProperties) = preSolution
		HideSolutionNode = FALSE
	EndGlobalSection
	GlobalSection(ExtensibilityGlobals) = postSolution
		SolutionGuid = {77087DA2-25C3-4B23-94A7-E2CA1DE96FFB}
	EndGlobalSection
EndGlobal
